{
  "version": 4,
  "terraform_version": "1.1.6",
  "serial": 19,
  "lineage": "d10a5e09-45cd-a6a3-3bfc-32bb023deaaa",
  "outputs": {
    "config_map_aws_auth": {
      "value": "\n\napiVersion: v1\nkind: ConfigMap\nmetadata:\n  name: aws-auth\n  namespace: kube-system\ndata:\n  mapRoles: |\n    - rolearn: arn:aws:iam::958923515642:role/terraform-eks-project-node\n      username: system:node:{{EC2PrivateDNSName}}\n      groups:\n        - system:bootstrappers\n        - system:nodes\n",
      "type": "string"
    },
    "kubeconfig": {
      "value": "\n\napiVersion: v1\nclusters:\n- cluster:\n    server: https://C353AB879D584049601588268AE22D45.gr7.us-east-1.eks.amazonaws.com\n    certificate-authority-data: LS0tLS1CRUdJTiBDRVJUSUZJQ0FURS0tLS0tCk1JSUM1ekNDQWMrZ0F3SUJBZ0lCQURBTkJna3Foa2lHOXcwQkFRc0ZBREFWTVJNd0VRWURWUVFERXdwcmRXSmwKY201bGRHVnpNQjRYRFRJeU1ETXhOakF5TVRBd01sb1hEVE15TURNeE16QXlNVEF3TWxvd0ZURVRNQkVHQTFVRQpBeE1LYTNWaVpYSnVaWFJsY3pDQ0FTSXdEUVlKS29aSWh2Y05BUUVCQlFBRGdnRVBBRENDQVFvQ2dnRUJBSzNmCmR2alFQWDgwVlpjVllXSm9wTlk0T2JZY2hMZEVQbzVZODFENUt1OCtSdFpkcy9ydk9kbVVpRVlqb3pjWlJxN2sKaEZ4VStXUnBvQWVVaFp3a2d3MXpzRVQwZW8wVmJwbmZRN2RybTRoU3ZleVBQZDYvTStyQm5LR0NHQSt4WUkxRApFY25zQ3BFQnkyaUlrN2ZlWmhJeXVwQkgxSWk1NVV2Y2xjeGNjVDZoOVBTa3UwYjR6L0FkZG81eVB0TTcxNllDClAxN3NPSm5lU2FnQysvd0I0cTJnaFRlMk5vUlZEWlB0TUZpRnpsZkFLVVJLeUEyVWs1TytUYit4QjRXYlFJVUMKcW8wTjI5Y1lBNCtPSEVGamxwR0RyOU9ka1ViaE0yMXp6NjdMV0ltT3FUTFovaVIwUnY5Qzdrd0ZCRlNJRmRxcworV1hwZlQ0NkRkcHhXQ1haL05NQ0F3RUFBYU5DTUVBd0RnWURWUjBQQVFIL0JBUURBZ0trTUE4R0ExVWRFd0VCCi93UUZNQU1CQWY4d0hRWURWUjBPQkJZRUZMY3g5WmV6UGk0aDlQNXpHYkZpVG45R3c4NWVNQTBHQ1NxR1NJYjMKRFFFQkN3VUFBNElCQVFCNmFzQW1QNlZwZFRLNWg1MTlDRVVhTS9RSmpoaGlFZlpCNWZ5Wjd2ODE1UFJFVnFzVAphejg1cjlvRWIzU0hOM1JBTS9XaUlBRlFscWVmYUs5Z0Rud2xVeXNaS29oa09zTXJYMTNXa25rYXUyTDMzMVp6CldKSnpFWERmMU0xbjFkbDQ0Tm9xOTh6VGx0UEpGWWJ0SEFLMU93ejZEcjRadnE1WHhHa2NYYkcwaU4xWUplRVAKNVZQeVFxNWtWQUUzVm5QZnpybnJFa3NkVnRpR09FRmFRcGs3S2M5L09ndmJidEZnbjJWK1pwVk9iWDdoRDBmdQpOVW5CbENwYWxLQXVVN29IUUxmaVlCMXp5OTlTTDJoQnBHZnB4QnBqQk1laVhhMm01ZGhCdENwNmNJS2JqdzZICjNxS1NmczYrbEE0M1lrQjVjelB2NGkyb1VMS3ZLeEVWRUs3WAotLS0tLUVORCBDRVJUSUZJQ0FURS0tLS0tCg==\n  name: kubernetes\ncontexts:\n- context:\n    cluster: kubernetes\n    user: aws\n  name: aws\ncurrent-context: aws\nkind: Config\npreferences: {}\nusers:\n- name: aws\n  user:\n    exec:\n      apiVersion: client.authentication.k8s.io/v1alpha1\n      command: aws-iam-authenticator\n      args:\n        - \"token\"\n        - \"-i\"\n        - \"terraform-eks-project\"\n",
      "type": "string"
    }
  },
  "resources": [
    {
      "mode": "data",
      "type": "aws_availability_zones",
      "name": "available",
      "provider": "provider[\"registry.terraform.io/hashicorp/aws\"]",
      "instances": [
        {
          "schema_version": 0,
          "attributes": {
            "all_availability_zones": null,
            "exclude_names": null,
            "exclude_zone_ids": null,
            "filter": null,
            "group_names": [
              "us-east-1"
            ],
            "id": "us-east-1",
            "names": [
              "us-east-1a",
              "us-east-1b",
              "us-east-1c",
              "us-east-1d",
              "us-east-1e",
              "us-east-1f"
            ],
            "state": null,
            "zone_ids": [
              "use1-az6",
              "use1-az1",
              "use1-az2",
              "use1-az4",
              "use1-az3",
              "use1-az5"
            ]
          },
          "sensitive_attributes": []
        }
      ]
    },
    {
      "mode": "data",
      "type": "http",
      "name": "workstation-external-ip",
      "provider": "provider[\"registry.terraform.io/hashicorp/http\"]",
      "instances": [
        {
          "schema_version": 0,
          "attributes": {
            "body": "69.255.168.221\n",
            "id": "http://ipv4.icanhazip.com",
            "request_headers": null,
            "response_headers": {
              "Access-Control-Allow-Methods": "GET",
              "Access-Control-Allow-Origin": "*",
              "Alt-Svc": "h3=\":443\"; ma=86400, h3-29=\":443\"; ma=86400",
              "Cf-Ray": "6ec9e8cefb3f801e-IAD",
              "Connection": "keep-alive",
              "Content-Length": "15",
              "Content-Type": "text/plain",
              "Date": "Wed, 16 Mar 2022 02:02:55 GMT",
              "Server": "cloudflare",
              "Set-Cookie": "__cf_bm=TgzG_A6ObfyiymrbhITlzOLNwKb9AtZ_AztoqSTELTM-1647396175-0-AT41CToaauM/YefM1C8ITUD4kMVeA1GGaPX2dcFprWak8bI0UcgjXPYR66VrSj5UqZ/ZKxs9suRNv5dtwlU0uFQ=; path=/; expires=Wed, 16-Mar-22 02:32:55 GMT; domain=.icanhazip.com; HttpOnly; SameSite=None",
              "Vary": "Accept-Encoding"
            },
            "url": "http://ipv4.icanhazip.com"
          },
          "sensitive_attributes": []
        }
      ]
    },
    {
      "mode": "managed",
      "type": "aws_eks_cluster",
      "name": "k8s_projects",
      "provider": "provider[\"registry.terraform.io/hashicorp/aws\"]",
      "instances": [
        {
          "schema_version": 0,
          "attributes": {
            "arn": "arn:aws:eks:us-east-1:958923515642:cluster/terraform-eks-project",
            "certificate_authority": [
              {
                "data": "LS0tLS1CRUdJTiBDRVJUSUZJQ0FURS0tLS0tCk1JSUM1ekNDQWMrZ0F3SUJBZ0lCQURBTkJna3Foa2lHOXcwQkFRc0ZBREFWTVJNd0VRWURWUVFERXdwcmRXSmwKY201bGRHVnpNQjRYRFRJeU1ETXhOakF5TVRBd01sb1hEVE15TURNeE16QXlNVEF3TWxvd0ZURVRNQkVHQTFVRQpBeE1LYTNWaVpYSnVaWFJsY3pDQ0FTSXdEUVlKS29aSWh2Y05BUUVCQlFBRGdnRVBBRENDQVFvQ2dnRUJBSzNmCmR2alFQWDgwVlpjVllXSm9wTlk0T2JZY2hMZEVQbzVZODFENUt1OCtSdFpkcy9ydk9kbVVpRVlqb3pjWlJxN2sKaEZ4VStXUnBvQWVVaFp3a2d3MXpzRVQwZW8wVmJwbmZRN2RybTRoU3ZleVBQZDYvTStyQm5LR0NHQSt4WUkxRApFY25zQ3BFQnkyaUlrN2ZlWmhJeXVwQkgxSWk1NVV2Y2xjeGNjVDZoOVBTa3UwYjR6L0FkZG81eVB0TTcxNllDClAxN3NPSm5lU2FnQysvd0I0cTJnaFRlMk5vUlZEWlB0TUZpRnpsZkFLVVJLeUEyVWs1TytUYit4QjRXYlFJVUMKcW8wTjI5Y1lBNCtPSEVGamxwR0RyOU9ka1ViaE0yMXp6NjdMV0ltT3FUTFovaVIwUnY5Qzdrd0ZCRlNJRmRxcworV1hwZlQ0NkRkcHhXQ1haL05NQ0F3RUFBYU5DTUVBd0RnWURWUjBQQVFIL0JBUURBZ0trTUE4R0ExVWRFd0VCCi93UUZNQU1CQWY4d0hRWURWUjBPQkJZRUZMY3g5WmV6UGk0aDlQNXpHYkZpVG45R3c4NWVNQTBHQ1NxR1NJYjMKRFFFQkN3VUFBNElCQVFCNmFzQW1QNlZwZFRLNWg1MTlDRVVhTS9RSmpoaGlFZlpCNWZ5Wjd2ODE1UFJFVnFzVAphejg1cjlvRWIzU0hOM1JBTS9XaUlBRlFscWVmYUs5Z0Rud2xVeXNaS29oa09zTXJYMTNXa25rYXUyTDMzMVp6CldKSnpFWERmMU0xbjFkbDQ0Tm9xOTh6VGx0UEpGWWJ0SEFLMU93ejZEcjRadnE1WHhHa2NYYkcwaU4xWUplRVAKNVZQeVFxNWtWQUUzVm5QZnpybnJFa3NkVnRpR09FRmFRcGs3S2M5L09ndmJidEZnbjJWK1pwVk9iWDdoRDBmdQpOVW5CbENwYWxLQXVVN29IUUxmaVlCMXp5OTlTTDJoQnBHZnB4QnBqQk1laVhhMm01ZGhCdENwNmNJS2JqdzZICjNxS1NmczYrbEE0M1lrQjVjelB2NGkyb1VMS3ZLeEVWRUs3WAotLS0tLUVORCBDRVJUSUZJQ0FURS0tLS0tCg=="
              }
            ],
            "created_at": "2022-03-16 02:03:26.158 +0000 UTC",
            "enabled_cluster_log_types": null,
            "encryption_config": [],
            "endpoint": "https://C353AB879D584049601588268AE22D45.gr7.us-east-1.eks.amazonaws.com",
            "id": "terraform-eks-project",
            "identity": [
              {
                "oidc": [
                  {
                    "issuer": "https://oidc.eks.us-east-1.amazonaws.com/id/C353AB879D584049601588268AE22D45"
                  }
                ]
              }
            ],
            "kubernetes_network_config": [
              {
                "ip_family": "ipv4",
                "service_ipv4_cidr": "172.20.0.0/16"
              }
            ],
            "name": "terraform-eks-project",
            "platform_version": "eks.5",
            "role_arn": "arn:aws:iam::958923515642:role/terraform-eks-k8s_projects-cluster",
            "status": "ACTIVE",
            "tags": null,
            "tags_all": {},
            "timeouts": null,
            "version": "1.21",
            "vpc_config": [
              {
                "cluster_security_group_id": "sg-0448924367991c05b",
                "endpoint_private_access": false,
                "endpoint_public_access": true,
                "public_access_cidrs": [
                  "0.0.0.0/0"
                ],
                "security_group_ids": [
                  "sg-083d52957f54ef6c0"
                ],
                "subnet_ids": [
                  "subnet-08900623b1d03fec8",
                  "subnet-0eccc58e4d399ef74"
                ],
                "vpc_id": "vpc-01f0714c5341b7730"
              }
            ]
          },
          "sensitive_attributes": [],
          "private": "eyJlMmJmYjczMC1lY2FhLTExZTYtOGY4OC0zNDM2M2JjN2M0YzAiOnsiY3JlYXRlIjoxODAwMDAwMDAwMDAwLCJkZWxldGUiOjkwMDAwMDAwMDAwMCwidXBkYXRlIjozNjAwMDAwMDAwMDAwfX0=",
          "dependencies": [
            "aws_iam_role.k8s_projects-cluster",
            "aws_iam_role_policy_attachment.k8s_projects-cluster-AmazonEKSClusterPolicy",
            "aws_iam_role_policy_attachment.k8s_projects-cluster-AmazonEKSVPCResourceController",
            "aws_security_group.k8s_projects-cluster",
            "aws_subnet.k8s_projects",
            "aws_vpc.k8s_projects",
            "data.aws_availability_zones.available"
          ]
        }
      ]
    },
    {
      "mode": "managed",
      "type": "aws_eks_node_group",
      "name": "k8s_projects",
      "provider": "provider[\"registry.terraform.io/hashicorp/aws\"]",
      "instances": [
        {
          "schema_version": 0,
          "attributes": {
            "ami_type": "AL2_x86_64",
            "arn": "arn:aws:eks:us-east-1:958923515642:nodegroup/terraform-eks-project/k8s_projects/92bfc840-81db-b41f-e2e4-1aeb101723da",
            "capacity_type": "ON_DEMAND",
            "cluster_name": "terraform-eks-project",
            "disk_size": 20,
            "force_update_version": null,
            "id": "terraform-eks-project:k8s_projects",
            "instance_types": [
              "t3.medium"
            ],
            "labels": null,
            "launch_template": [],
            "node_group_name": "k8s_projects",
            "node_group_name_prefix": "",
            "node_role_arn": "arn:aws:iam::958923515642:role/terraform-eks-project-node",
            "release_version": "1.21.5-20220309",
            "remote_access": [],
            "resources": [
              {
                "autoscaling_groups": [
                  {
                    "name": "eks-k8s_projects-92bfc840-81db-b41f-e2e4-1aeb101723da"
                  }
                ],
                "remote_access_security_group_id": ""
              }
            ],
            "scaling_config": [
              {
                "desired_size": 1,
                "max_size": 1,
                "min_size": 1
              }
            ],
            "status": "ACTIVE",
            "subnet_ids": [
              "subnet-08900623b1d03fec8",
              "subnet-0eccc58e4d399ef74"
            ],
            "tags": null,
            "tags_all": {},
            "taint": [],
            "timeouts": null,
            "update_config": [
              {
                "max_unavailable": 1,
                "max_unavailable_percentage": 0
              }
            ],
            "version": "1.21"
          },
          "sensitive_attributes": [],
          "private": "eyJlMmJmYjczMC1lY2FhLTExZTYtOGY4OC0zNDM2M2JjN2M0YzAiOnsiY3JlYXRlIjozNjAwMDAwMDAwMDAwLCJkZWxldGUiOjM2MDAwMDAwMDAwMDAsInVwZGF0ZSI6MzYwMDAwMDAwMDAwMH19",
          "dependencies": [
            "aws_eks_cluster.k8s_projects",
            "aws_iam_role.k8s_projects-cluster",
            "aws_iam_role.k8s_projects-node",
            "aws_iam_role_policy_attachment.k8s_projects-cluster-AmazonEKSClusterPolicy",
            "aws_iam_role_policy_attachment.k8s_projects-cluster-AmazonEKSVPCResourceController",
            "aws_iam_role_policy_attachment.k8s_projects-node-AmazonEC2ContainerRegistryReadOnly",
            "aws_iam_role_policy_attachment.k8s_projects-node-AmazonEKSWorkerNodePolicy",
            "aws_iam_role_policy_attachment.k8s_projects-node-AmazonEKS_CNI_Policy",
            "aws_security_group.k8s_projects-cluster",
            "aws_subnet.k8s_projects",
            "aws_vpc.k8s_projects",
            "data.aws_availability_zones.available"
          ]
        }
      ]
    },
    {
      "mode": "managed",
      "type": "aws_iam_role",
      "name": "k8s_projects-cluster",
      "provider": "provider[\"registry.terraform.io/hashicorp/aws\"]",
      "instances": [
        {
          "schema_version": 0,
          "attributes": {
            "arn": "arn:aws:iam::958923515642:role/terraform-eks-k8s_projects-cluster",
            "assume_role_policy": "{\"Version\":\"2012-10-17\",\"Statement\":[{\"Effect\":\"Allow\",\"Principal\":{\"Service\":\"eks.amazonaws.com\"},\"Action\":\"sts:AssumeRole\"}]}",
            "create_date": "2022-03-16T02:03:12Z",
            "description": "",
            "force_detach_policies": false,
            "id": "terraform-eks-k8s_projects-cluster",
            "inline_policy": [
              {
                "name": "",
                "policy": ""
              }
            ],
            "managed_policy_arns": [],
            "max_session_duration": 3600,
            "name": "terraform-eks-k8s_projects-cluster",
            "name_prefix": "",
            "path": "/",
            "permissions_boundary": null,
            "tags": null,
            "tags_all": {},
            "unique_id": "AROA56RCLU35GIFBAK2VU"
          },
          "sensitive_attributes": [],
          "private": "bnVsbA=="
        }
      ]
    },
    {
      "mode": "managed",
      "type": "aws_iam_role",
      "name": "k8s_projects-node",
      "provider": "provider[\"registry.terraform.io/hashicorp/aws\"]",
      "instances": [
        {
          "schema_version": 0,
          "attributes": {
            "arn": "arn:aws:iam::958923515642:role/terraform-eks-project-node",
            "assume_role_policy": "{\"Version\":\"2012-10-17\",\"Statement\":[{\"Effect\":\"Allow\",\"Principal\":{\"Service\":\"ec2.amazonaws.com\"},\"Action\":\"sts:AssumeRole\"}]}",
            "create_date": "2022-03-16T02:03:12Z",
            "description": "",
            "force_detach_policies": false,
            "id": "terraform-eks-project-node",
            "inline_policy": [
              {
                "name": "",
                "policy": ""
              }
            ],
            "managed_policy_arns": [],
            "max_session_duration": 3600,
            "name": "terraform-eks-project-node",
            "name_prefix": "",
            "path": "/",
            "permissions_boundary": null,
            "tags": null,
            "tags_all": {},
            "unique_id": "AROA56RCLU35AOTMUXMRP"
          },
          "sensitive_attributes": [],
          "private": "bnVsbA=="
        }
      ]
    },
    {
      "mode": "managed",
      "type": "aws_iam_role_policy_attachment",
      "name": "k8s_projects-cluster-AmazonEKSClusterPolicy",
      "provider": "provider[\"registry.terraform.io/hashicorp/aws\"]",
      "instances": [
        {
          "schema_version": 0,
          "attributes": {
            "id": "terraform-eks-k8s_projects-cluster-20220316020313232600000004",
            "policy_arn": "arn:aws:iam::aws:policy/AmazonEKSClusterPolicy",
            "role": "terraform-eks-k8s_projects-cluster"
          },
          "sensitive_attributes": [],
          "private": "bnVsbA==",
          "dependencies": [
            "aws_iam_role.k8s_projects-cluster"
          ]
        }
      ]
    },
    {
      "mode": "managed",
      "type": "aws_iam_role_policy_attachment",
      "name": "k8s_projects-cluster-AmazonEKSVPCResourceController",
      "provider": "provider[\"registry.terraform.io/hashicorp/aws\"]",
      "instances": [
        {
          "schema_version": 0,
          "attributes": {
            "id": "terraform-eks-k8s_projects-cluster-20220316020313215900000003",
            "policy_arn": "arn:aws:iam::aws:policy/AmazonEKSVPCResourceController",
            "role": "terraform-eks-k8s_projects-cluster"
          },
          "sensitive_attributes": [],
          "private": "bnVsbA==",
          "dependencies": [
            "aws_iam_role.k8s_projects-cluster"
          ]
        }
      ]
    },
    {
      "mode": "managed",
      "type": "aws_iam_role_policy_attachment",
      "name": "k8s_projects-node-AmazonEC2ContainerRegistryReadOnly",
      "provider": "provider[\"registry.terraform.io/hashicorp/aws\"]",
      "instances": [
        {
          "schema_version": 0,
          "attributes": {
            "id": "terraform-eks-project-node-20220316020313166400000002",
            "policy_arn": "arn:aws:iam::aws:policy/AmazonEC2ContainerRegistryReadOnly",
            "role": "terraform-eks-project-node"
          },
          "sensitive_attributes": [],
          "private": "bnVsbA==",
          "dependencies": [
            "aws_iam_role.k8s_projects-node"
          ]
        }
      ]
    },
    {
      "mode": "managed",
      "type": "aws_iam_role_policy_attachment",
      "name": "k8s_projects-node-AmazonEKSWorkerNodePolicy",
      "provider": "provider[\"registry.terraform.io/hashicorp/aws\"]",
      "instances": [
        {
          "schema_version": 0,
          "attributes": {
            "id": "terraform-eks-project-node-20220316020313272700000005",
            "policy_arn": "arn:aws:iam::aws:policy/AmazonEKSWorkerNodePolicy",
            "role": "terraform-eks-project-node"
          },
          "sensitive_attributes": [],
          "private": "bnVsbA==",
          "dependencies": [
            "aws_iam_role.k8s_projects-node"
          ]
        }
      ]
    },
    {
      "mode": "managed",
      "type": "aws_iam_role_policy_attachment",
      "name": "k8s_projects-node-AmazonEKS_CNI_Policy",
      "provider": "provider[\"registry.terraform.io/hashicorp/aws\"]",
      "instances": [
        {
          "schema_version": 0,
          "attributes": {
            "id": "terraform-eks-project-node-20220316020313159800000001",
            "policy_arn": "arn:aws:iam::aws:policy/AmazonEKS_CNI_Policy",
            "role": "terraform-eks-project-node"
          },
          "sensitive_attributes": [],
          "private": "bnVsbA==",
          "dependencies": [
            "aws_iam_role.k8s_projects-node"
          ]
        }
      ]
    },
    {
      "mode": "managed",
      "type": "aws_internet_gateway",
      "name": "k8s_projects",
      "provider": "provider[\"registry.terraform.io/hashicorp/aws\"]",
      "instances": [
        {
          "schema_version": 0,
          "attributes": {
            "arn": "arn:aws:ec2:us-east-1:958923515642:internet-gateway/igw-0e793454aa50ea990",
            "id": "igw-0e793454aa50ea990",
            "owner_id": "958923515642",
            "tags": {
              "Name": "terraform-eks-project"
            },
            "tags_all": {
              "Name": "terraform-eks-project"
            },
            "vpc_id": "vpc-01f0714c5341b7730"
          },
          "sensitive_attributes": [],
          "private": "bnVsbA==",
          "dependencies": [
            "aws_vpc.k8s_projects"
          ]
        }
      ]
    },
    {
      "mode": "managed",
      "type": "aws_route_table",
      "name": "k8s_projects",
      "provider": "provider[\"registry.terraform.io/hashicorp/aws\"]",
      "instances": [
        {
          "schema_version": 0,
          "attributes": {
            "arn": "arn:aws:ec2:us-east-1:958923515642:route-table/rtb-053e778570f1b4d6d",
            "id": "rtb-053e778570f1b4d6d",
            "owner_id": "958923515642",
            "propagating_vgws": [],
            "route": [
              {
                "carrier_gateway_id": "",
                "cidr_block": "0.0.0.0/0",
                "destination_prefix_list_id": "",
                "egress_only_gateway_id": "",
                "gateway_id": "igw-0e793454aa50ea990",
                "instance_id": "",
                "ipv6_cidr_block": "",
                "local_gateway_id": "",
                "nat_gateway_id": "",
                "network_interface_id": "",
                "transit_gateway_id": "",
                "vpc_endpoint_id": "",
                "vpc_peering_connection_id": ""
              }
            ],
            "tags": null,
            "tags_all": {},
            "timeouts": null,
            "vpc_id": "vpc-01f0714c5341b7730"
          },
          "sensitive_attributes": [],
          "private": "eyJlMmJmYjczMC1lY2FhLTExZTYtOGY4OC0zNDM2M2JjN2M0YzAiOnsiY3JlYXRlIjozMDAwMDAwMDAwMDAsImRlbGV0ZSI6MzAwMDAwMDAwMDAwLCJ1cGRhdGUiOjEyMDAwMDAwMDAwMH19",
          "dependencies": [
            "aws_internet_gateway.k8s_projects",
            "aws_vpc.k8s_projects"
          ]
        }
      ]
    },
    {
      "mode": "managed",
      "type": "aws_route_table_association",
      "name": "k8s_projects",
      "provider": "provider[\"registry.terraform.io/hashicorp/aws\"]",
      "instances": [
        {
          "index_key": 0,
          "schema_version": 0,
          "attributes": {
            "gateway_id": "",
            "id": "rtbassoc-084326fac9748971a",
            "route_table_id": "rtb-053e778570f1b4d6d",
            "subnet_id": "subnet-0eccc58e4d399ef74"
          },
          "sensitive_attributes": [],
          "private": "bnVsbA==",
          "dependencies": [
            "aws_internet_gateway.k8s_projects",
            "aws_route_table.k8s_projects",
            "aws_subnet.k8s_projects",
            "aws_vpc.k8s_projects",
            "data.aws_availability_zones.available"
          ]
        },
        {
          "index_key": 1,
          "schema_version": 0,
          "attributes": {
            "gateway_id": "",
            "id": "rtbassoc-0e167ecfb5e5e32ee",
            "route_table_id": "rtb-053e778570f1b4d6d",
            "subnet_id": "subnet-08900623b1d03fec8"
          },
          "sensitive_attributes": [],
          "private": "bnVsbA==",
          "dependencies": [
            "aws_internet_gateway.k8s_projects",
            "aws_route_table.k8s_projects",
            "aws_subnet.k8s_projects",
            "aws_vpc.k8s_projects",
            "data.aws_availability_zones.available"
          ]
        }
      ]
    },
    {
      "mode": "managed",
      "type": "aws_security_group",
      "name": "k8s_projects-cluster",
      "provider": "provider[\"registry.terraform.io/hashicorp/aws\"]",
      "instances": [
        {
          "schema_version": 1,
          "attributes": {
            "arn": "arn:aws:ec2:us-east-1:958923515642:security-group/sg-083d52957f54ef6c0",
            "description": "Cluster communication with worker nodes",
            "egress": [
              {
                "cidr_blocks": [
                  "0.0.0.0/0"
                ],
                "description": "",
                "from_port": 0,
                "ipv6_cidr_blocks": [],
                "prefix_list_ids": [],
                "protocol": "-1",
                "security_groups": [],
                "self": false,
                "to_port": 0
              }
            ],
            "id": "sg-083d52957f54ef6c0",
            "ingress": [],
            "name": "terraform-eks-projects-cluster",
            "name_prefix": "",
            "owner_id": "958923515642",
            "revoke_rules_on_delete": false,
            "tags": {
              "Name": "terraform-eks-k8s_projects"
            },
            "tags_all": {
              "Name": "terraform-eks-k8s_projects"
            },
            "timeouts": null,
            "vpc_id": "vpc-01f0714c5341b7730"
          },
          "sensitive_attributes": [],
          "private": "eyJlMmJmYjczMC1lY2FhLTExZTYtOGY4OC0zNDM2M2JjN2M0YzAiOnsiY3JlYXRlIjo2MDAwMDAwMDAwMDAsImRlbGV0ZSI6OTAwMDAwMDAwMDAwfSwic2NoZW1hX3ZlcnNpb24iOiIxIn0=",
          "dependencies": [
            "aws_vpc.k8s_projects"
          ]
        }
      ]
    },
    {
      "mode": "managed",
      "type": "aws_security_group_rule",
      "name": "k8s_projects-cluster-ingress-workstation-https",
      "provider": "provider[\"registry.terraform.io/hashicorp/aws\"]",
      "instances": [
        {
          "schema_version": 2,
          "attributes": {
            "cidr_blocks": [
              "69.255.168.221/32"
            ],
            "description": "Allow workstation to communicate with the cluster API Server",
            "from_port": 443,
            "id": "sgrule-1889449854",
            "ipv6_cidr_blocks": null,
            "prefix_list_ids": null,
            "protocol": "tcp",
            "security_group_id": "sg-083d52957f54ef6c0",
            "self": false,
            "source_security_group_id": null,
            "to_port": 443,
            "type": "ingress"
          },
          "sensitive_attributes": [],
          "private": "eyJzY2hlbWFfdmVyc2lvbiI6IjIifQ==",
          "dependencies": [
            "aws_security_group.k8s_projects-cluster",
            "aws_vpc.k8s_projects",
            "data.http.workstation-external-ip"
          ]
        }
      ]
    },
    {
      "mode": "managed",
      "type": "aws_subnet",
      "name": "k8s_projects",
      "provider": "provider[\"registry.terraform.io/hashicorp/aws\"]",
      "instances": [
        {
          "index_key": 0,
          "schema_version": 1,
          "attributes": {
            "arn": "arn:aws:ec2:us-east-1:958923515642:subnet/subnet-0eccc58e4d399ef74",
            "assign_ipv6_address_on_creation": false,
            "availability_zone": "us-east-1a",
            "availability_zone_id": "use1-az6",
            "cidr_block": "10.0.0.0/24",
            "customer_owned_ipv4_pool": "",
            "enable_dns64": false,
            "enable_resource_name_dns_a_record_on_launch": false,
            "enable_resource_name_dns_aaaa_record_on_launch": false,
            "id": "subnet-0eccc58e4d399ef74",
            "ipv6_cidr_block": "",
            "ipv6_cidr_block_association_id": "",
            "ipv6_native": false,
            "map_customer_owned_ip_on_launch": false,
            "map_public_ip_on_launch": true,
            "outpost_arn": "",
            "owner_id": "958923515642",
            "private_dns_hostname_type_on_launch": "ip-name",
            "tags": {
              "Name": "terraform-eks-project-node",
              "kubernetes.io/cluster/terraform-eks-project": "shared"
            },
            "tags_all": {
              "Name": "terraform-eks-project-node",
              "kubernetes.io/cluster/terraform-eks-project": "shared"
            },
            "timeouts": null,
            "vpc_id": "vpc-01f0714c5341b7730"
          },
          "sensitive_attributes": [],
          "private": "eyJlMmJmYjczMC1lY2FhLTExZTYtOGY4OC0zNDM2M2JjN2M0YzAiOnsiY3JlYXRlIjo2MDAwMDAwMDAwMDAsImRlbGV0ZSI6MTIwMDAwMDAwMDAwMH0sInNjaGVtYV92ZXJzaW9uIjoiMSJ9",
          "dependencies": [
            "aws_vpc.k8s_projects",
            "data.aws_availability_zones.available"
          ]
        },
        {
          "index_key": 1,
          "schema_version": 1,
          "attributes": {
            "arn": "arn:aws:ec2:us-east-1:958923515642:subnet/subnet-08900623b1d03fec8",
            "assign_ipv6_address_on_creation": false,
            "availability_zone": "us-east-1b",
            "availability_zone_id": "use1-az1",
            "cidr_block": "10.0.1.0/24",
            "customer_owned_ipv4_pool": "",
            "enable_dns64": false,
            "enable_resource_name_dns_a_record_on_launch": false,
            "enable_resource_name_dns_aaaa_record_on_launch": false,
            "id": "subnet-08900623b1d03fec8",
            "ipv6_cidr_block": "",
            "ipv6_cidr_block_association_id": "",
            "ipv6_native": false,
            "map_customer_owned_ip_on_launch": false,
            "map_public_ip_on_launch": true,
            "outpost_arn": "",
            "owner_id": "958923515642",
            "private_dns_hostname_type_on_launch": "ip-name",
            "tags": {
              "Name": "terraform-eks-project-node",
              "kubernetes.io/cluster/terraform-eks-project": "shared"
            },
            "tags_all": {
              "Name": "terraform-eks-project-node",
              "kubernetes.io/cluster/terraform-eks-project": "shared"
            },
            "timeouts": null,
            "vpc_id": "vpc-01f0714c5341b7730"
          },
          "sensitive_attributes": [],
          "private": "eyJlMmJmYjczMC1lY2FhLTExZTYtOGY4OC0zNDM2M2JjN2M0YzAiOnsiY3JlYXRlIjo2MDAwMDAwMDAwMDAsImRlbGV0ZSI6MTIwMDAwMDAwMDAwMH0sInNjaGVtYV92ZXJzaW9uIjoiMSJ9",
          "dependencies": [
            "aws_vpc.k8s_projects",
            "data.aws_availability_zones.available"
          ]
        }
      ]
    },
    {
      "mode": "managed",
      "type": "aws_vpc",
      "name": "k8s_projects",
      "provider": "provider[\"registry.terraform.io/hashicorp/aws\"]",
      "instances": [
        {
          "schema_version": 1,
          "attributes": {
            "arn": "arn:aws:ec2:us-east-1:958923515642:vpc/vpc-01f0714c5341b7730",
            "assign_generated_ipv6_cidr_block": false,
            "cidr_block": "10.0.0.0/16",
            "default_network_acl_id": "acl-04a434bd2df439ecf",
            "default_route_table_id": "rtb-0fa1d0e3542ecb8a0",
            "default_security_group_id": "sg-0d3f97fe1670f65db",
            "dhcp_options_id": "dopt-c8de95b3",
            "enable_classiclink": false,
            "enable_classiclink_dns_support": false,
            "enable_dns_hostnames": false,
            "enable_dns_support": true,
            "id": "vpc-01f0714c5341b7730",
            "instance_tenancy": "default",
            "ipv4_ipam_pool_id": null,
            "ipv4_netmask_length": null,
            "ipv6_association_id": "",
            "ipv6_cidr_block": "",
            "ipv6_cidr_block_network_border_group": "",
            "ipv6_ipam_pool_id": "",
            "ipv6_netmask_length": 0,
            "main_route_table_id": "rtb-0fa1d0e3542ecb8a0",
            "owner_id": "958923515642",
            "tags": {
              "Name": "terraform-eks-project-node",
              "kubernetes.io/cluster/terraform-eks-project": "shared"
            },
            "tags_all": {
              "Name": "terraform-eks-project-node",
              "kubernetes.io/cluster/terraform-eks-project": "shared"
            }
          },
          "sensitive_attributes": [],
          "private": "eyJzY2hlbWFfdmVyc2lvbiI6IjEifQ=="
        }
      ]
    }
  ]
}
